
Microsoft Visual Studio Solution File, Format Version 12.00
# Visual Studio Version 17
VisualStudioVersion = 17.14.36414.22 d17.14
MinimumVisualStudioVersion = 10.0.40219.1
Project("{FAE04EC0-301F-11D3-BF4B-00C04F79EFBC}") = "RPG_Group4_RPG_Project", "RPG_Group4_RPG_Project.csproj", "{9729205C-10C8-4112-B3F4-853323B19699}"
EndProject
Global
	GlobalSection(SolutionConfigurationPlatforms) = preSolution
		Debug|Any CPU = Debug|Any CPU
		Release|Any CPU = Release|Any CPU
	EndGlobalSection
	GlobalSection(ProjectConfigurationPlatforms) = postSolution
		{9729205C-10C8-4112-B3F4-853323B19699}.Debug|Any CPU.ActiveCfg = Debug|Any CPU
		{9729205C-10C8-4112-B3F4-853323B19699}.Debug|Any CPU.Build.0 = Debug|Any CPU
		{9729205C-10C8-4112-B3F4-853323B19699}.Release|Any CPU.ActiveCfg = Release|Any CPU
		{9729205C-10C8-4112-B3F4-853323B19699}.Release|Any CPU.Build.0 = Release|Any CPU
	EndGlobalSection
	GlobalSection(SolutionProperties) = preSolution
		HideSolutionNode = FALSE
	EndGlobalSection
	GlobalSection(ExtensibilityGlobals) = postSolution
		SolutionGuid = {E3EA05D3-DC49-4FCA-BD2A-5A0929C8DDFC}
	EndGlobalSection
EndGlobal
